
Microsoft Visual Studio Solution File, Format Version 12.00
# Visual Studio Version 17
VisualStudioVersion = 17.2.32519.379
MinimumVisualStudioVersion = 10.0.40219.1
Project("{8BC9CEB8-8B4A-11D0-8D11-00A0C91BC942}") = "SmartAddFunc", "SmartAddFunc\SmartAddFunc.vcxproj", "{DF0C4047-9240-4272-ABC7-CBF3A80D4772}"
EndProject
Global
	GlobalSection(SolutionConfigurationPlatforms) = preSolution
		Debug|x64 = Debug|x64
		Debug|x86 = Debug|x86
		Release|x64 = Release|x64
		Release|x86 = Release|x86
	EndGlobalSection
	GlobalSection(ProjectConfigurationPlatforms) = postSolution
		{DF0C4047-9240-4272-ABC7-CBF3A80D4772}.Debug|x64.ActiveCfg = Debug|x64
		{DF0C4047-9240-4272-ABC7-CBF3A80D4772}.Debug|x64.Build.0 = Debug|x64
		{DF0C4047-9240-4272-ABC7-CBF3A80D4772}.Debug|x86.ActiveCfg = Debug|Win32
		{DF0C4047-9240-4272-ABC7-CBF3A80D4772}.Debug|x86.Build.0 = Debug|Win32
		{DF0C4047-9240-4272-ABC7-CBF3A80D4772}.Release|x64.ActiveCfg = Release|x64
		{DF0C4047-9240-4272-ABC7-CBF3A80D4772}.Release|x64.Build.0 = Release|x64
		{DF0C4047-9240-4272-ABC7-CBF3A80D4772}.Release|x86.ActiveCfg = Release|Win32
		{DF0C4047-9240-4272-ABC7-CBF3A80D4772}.Release|x86.Build.0 = Release|Win32
	EndGlobalSection
	GlobalSection(SolutionProperties) = preSolution
		HideSolutionNode = FALSE
	EndGlobalSection
	GlobalSection(ExtensibilityGlobals) = postSolution
		SolutionGuid = {DCFF461E-9822-4D32-9158-D2F724B1FFE1}
	EndGlobalSection
EndGlobal
